Microsoft Visual Studio Solution File, Format Version 12.00
# Visual Studio Version 17
VisualStudioVersion = 17.13.36105.23
MinimumVisualStudioVersion = 10.0.40219.1
Project("{FAE04EC0-301F-11D3-BF4B-00C04F79EFBC}") = "QuartilesWebsite", "QuartilesWebsite\QuartilesWebsite\QuartilesWebsite.csproj", "{1F2AC32B-01A7-4108-9882-9494FCA6C600}"
EndProject
Project("{FAE04EC0-301F-11D3-BF4B-00C04F79EFBC}") = "QuartilesWebsite.Client", "QuartilesWebsite\QuartilesWebsite.Client\QuartilesWebsite.Client.csproj", "{78EBC89D-51EA-45A2-8C3A-1BE5026509D2}"
EndProject
Global
	GlobalSection(SolutionConfigurationPlatforms) = preSolution
		Debug|Any CPU = Debug|Any CPU
		Release|Any CPU = Release|Any CPU
	EndGlobalSection
	GlobalSection(ProjectConfigurationPlatforms) = postSolution
		{1F2AC32B-01A7-4108-9882-9494FCA6C600}.Debug|Any CPU.ActiveCfg = Debug|Any CPU
		{1F2AC32B-01A7-4108-9882-9494FCA6C600}.Debug|Any CPU.Build.0 = Debug|Any CPU
		{1F2AC32B-01A7-4108-9882-9494FCA6C600}.Release|Any CPU.ActiveCfg = Release|Any CPU
		{1F2AC32B-01A7-4108-9882-9494FCA6C600}.Release|Any CPU.Build.0 = Release|Any CPU
		{78EBC89D-51EA-45A2-8C3A-1BE5026509D2}.Debug|Any CPU.ActiveCfg = Debug|Any CPU
		{78EBC89D-51EA-45A2-8C3A-1BE5026509D2}.Debug|Any CPU.Build.0 = Debug|Any CPU
		{78EBC89D-51EA-45A2-8C3A-1BE5026509D2}.Release|Any CPU.ActiveCfg = Release|Any CPU
		{78EBC89D-51EA-45A2-8C3A-1BE5026509D2}.Release|Any CPU.Build.0 = Release|Any CPU
	EndGlobalSection
	GlobalSection(SolutionProperties) = preSolution
		HideSolutionNode = FALSE
	EndGlobalSection
	GlobalSection(ExtensibilityGlobals) = postSolution
		SolutionGuid = {7433AE55-C7DB-418F-BB35-6188B0562A5A}
	EndGlobalSection
EndGlobal
